
Microsoft Visual Studio Solution File, Format Version 12.00
# Visual Studio 15
VisualStudioVersion = 15.0.28307.757
MinimumVisualStudioVersion = 10.0.40219.1
Project("{FAE04EC0-301F-11D3-BF4B-00C04F79EFBC}") = "MikTeaFireBase", "MikTeaFireBase\MikTeaFireBase.csproj", "{B572141E-7D14-4F54-B388-66E4A9E65EFB}"
EndProject
Global
	GlobalSection(SolutionConfigurationPlatforms) = preSolution
		Debug|Any CPU = Debug|Any CPU
		Release|Any CPU = Release|Any CPU
	EndGlobalSection
	GlobalSection(ProjectConfigurationPlatforms) = postSolution
		{B572141E-7D14-4F54-B388-66E4A9E65EFB}.Debug|Any CPU.ActiveCfg = Debug|Any CPU
		{B572141E-7D14-4F54-B388-66E4A9E65EFB}.Debug|Any CPU.Build.0 = Debug|Any CPU
		{B572141E-7D14-4F54-B388-66E4A9E65EFB}.Release|Any CPU.ActiveCfg = Release|Any CPU
		{B572141E-7D14-4F54-B388-66E4A9E65EFB}.Release|Any CPU.Build.0 = Release|Any CPU
	EndGlobalSection
	GlobalSection(SolutionProperties) = preSolution
		HideSolutionNode = FALSE
	EndGlobalSection
	GlobalSection(ExtensibilityGlobals) = postSolution
		SolutionGuid = {111F95A8-2821-46FE-A217-0630F4260950}
	EndGlobalSection
EndGlobal
